
Microsoft Visual Studio Solution File, Format Version 12.00
# Visual Studio Version 16
VisualStudioVersion = 16.0.29926.136
MinimumVisualStudioVersion = 10.0.40219.1
Project("{FAE04EC0-301F-11D3-BF4B-00C04F79EFBC}") = "WebAPI", "WebAPI.csproj", "{C83DF8B4-A75D-40E9-8FE5-5FD0A60CACEC}"
EndProject
Global
	GlobalSection(SolutionConfigurationPlatforms) = preSolution
		Debug|Any CPU = Debug|Any CPU
		Release|Any CPU = Release|Any CPU
	EndGlobalSection
	GlobalSection(ProjectConfigurationPlatforms) = postSolution
		{C83DF8B4-A75D-40E9-8FE5-5FD0A60CACEC}.Debug|Any CPU.ActiveCfg = Debug|Any CPU
		{C83DF8B4-A75D-40E9-8FE5-5FD0A60CACEC}.Debug|Any CPU.Build.0 = Debug|Any CPU
		{C83DF8B4-A75D-40E9-8FE5-5FD0A60CACEC}.Release|Any CPU.ActiveCfg = Release|Any CPU
		{C83DF8B4-A75D-40E9-8FE5-5FD0A60CACEC}.Release|Any CPU.Build.0 = Release|Any CPU
	EndGlobalSection
	GlobalSection(SolutionProperties) = preSolution
		HideSolutionNode = FALSE
	EndGlobalSection
	GlobalSection(ExtensibilityGlobals) = postSolution
		SolutionGuid = {5ACAA24F-171F-4FD2-A746-9C9F6316824D}
	EndGlobalSection
EndGlobal
